<?xml version="1.0" encoding="utf-8"?>
<Project ToolsVersion="4.0" xmlns="http://schemas.microsoft.com/developer/msbuild/2003">
  <ItemGroup>
    <Filter Include="Source Files">
      <UniqueIdentifier>{4FC737F1-C7A5-4376-A066-2A32D752A2FF}</UniqueIdentifier>
      <Extensions>cpp;c;cc;cxx;c++;def;odl;idl;hpj;bat;asm;asmx</Extensions>
    </Filter>
    <Filter Include="Header Files">
      <UniqueIdentifier>{93995380-89BD-4b04-88EB-625FBE52EBFB}</UniqueIdentifier>
      <Extensions>h;hh;hpp;hxx;h++;hm;inl;inc;ipp;xsd</Extensions>
    </Filter>
    <Filter Include="Resource Files">
      <UniqueIdentifier>{67DA6AB6-F800-4c08-8B7A-83BB121AAD01}</UniqueIdentifier>
      <Extensions>rc;ico;cur;bmp;dlg;rc2;rct;bin;rgs;gif;jpg;jpeg;jpe;resx;tiff;tif;png;wav;mfcribbon-ms</Extensions>
    </Filter>
    <Filter Include="Header Files\ECS">
      <UniqueIdentifier>{cb509cfe-b36c-4078-ae1f-ef4373f801fb}</UniqueIdentifier>
    </Filter>
    <Filter Include="Header Files\ECS\Entity">
      <UniqueIdentifier>{79c07352-6a97-4ce1-8aab-8723f03ea178}</UniqueIdentifier>
    </Filter>
    <Filter Include="Header Files\ECS\Component">
      <UniqueIdentifier>{ab1bbf1a-fb3b-43c5-915f-a1a0cb61cd6a}</UniqueIdentifier>
    </Filter>
    <Filter Include="Header Files\ECS\System">
      <UniqueIdentifier>{e25ba59f-9a41-4550-b060-e0e2199b416e}</UniqueIdentifier>
    </Filter>
    <Filter Include="Source Files\ECS">
      <UniqueIdentifier>{16a89f09-7818-46bf-bc60-42cea6afa46f}</UniqueIdentifier>
    </Filter>
    <Filter Include="Source Files\ECS\Entity">
      <UniqueIdentifier>{8143b925-77b0-46d8-8760-ddedac02c13a}</UniqueIdentifier>
    </Filter>
    <Filter Include="Source Files\ECS\Component">
      <UniqueIdentifier>{3f6f68eb-c0db-4ae7-9f7e-bf975b97c7db}</UniqueIdentifier>
    </Filter>
    <Filter Include="Source Files\ECS\System">
      <UniqueIdentifier>{f9918b09-3e40-447d-a7cc-242df4a89f2f}</UniqueIdentifier>
    </Filter>
    <Filter Include="Header Files\DataStructures">
      <UniqueIdentifier>{9e3c6053-b401-4739-9695-8f4c14b3f98b}</UniqueIdentifier>
    </Filter>
    <Filter Include="Header Files\Utilities">
      <UniqueIdentifier>{8a0a62f3-1173-450b-aa00-b223884785c6}</UniqueIdentifier>
    </Filter>
  </ItemGroup>
  <ItemGroup>
    <ClInclude Include="Include\xsEngine.h">
      <Filter>Header Files</Filter>
    </ClInclude>
    <ClInclude Include="Include\xsComponent.h">
      <Filter>Header Files\ECS\Component</Filter>
    </ClInclude>
    <ClInclude Include="Include\xsSharedComponent.h">
      <Filter>Header Files\ECS\Component</Filter>
    </ClInclude>
    <ClInclude Include="Include\xsScriptBehaviourManager.h">
      <Filter>Header Files\ECS\System</Filter>
    </ClInclude>
    <ClInclude Include="Include\xsComponentSystemBase.h">
      <Filter>Header Files\ECS\System</Filter>
    </ClInclude>
    <ClInclude Include="Include\xsComponentType.h">
      <Filter>Header Files\ECS\Component</Filter>
    </ClInclude>
    <ClInclude Include="Include\xsCString.h">
      <Filter>Header Files\DataStructures</Filter>
    </ClInclude>
    <ClInclude Include="Include\xsTypeManager.h">
      <Filter>Header Files\ECS\Component</Filter>
    </ClInclude>
    <ClInclude Include="Include\xsEntity.h">
      <Filter>Header Files\ECS\Entity</Filter>
    </ClInclude>
    <ClInclude Include="Include\xsUtilities.h">
      <Filter>Header Files\Utilities</Filter>
    </ClInclude>
    <ClInclude Include="Include\xsTypeId.h">
      <Filter>Header Files\Utilities</Filter>
    </ClInclude>
    <ClInclude Include="Include\xsHash.h">
      <Filter>Header Files\Utilities</Filter>
    </ClInclude>
    <ClInclude Include="Include\xsCAlgorithm.h">
      <Filter>Header Files\Utilities</Filter>
    </ClInclude>
    <ClInclude Include="Include\xsStringFilter.h">
      <Filter>Header Files\Utilities</Filter>
    </ClInclude>
    <ClInclude Include="Include\xsFunctionName.h">
      <Filter>Header Files\Utilities</Filter>
    </ClInclude>
    <ClInclude Include="Include\xsNameof.h">
      <Filter>Header Files\Utilities</Filter>
    </ClInclude>
    <ClInclude Include="Include\xsComponentSystem.h">
      <Filter>Header Files\ECS\System</Filter>
    </ClInclude>
    <ClInclude Include="Include\xsEntityManager.h">
      <Filter>Header Files\ECS\Entity</Filter>
    </ClInclude>
    <ClInclude Include="Include\xsEntityData.h">
      <Filter>Header Files\ECS\Entity</Filter>
    </ClInclude>
    <ClInclude Include="Include\xsEntityArchetype.h">
      <Filter>Header Files\ECS\Entity</Filter>
    </ClInclude>
  </ItemGroup>
  <ItemGroup>
    <ClCompile Include="Source\xsEntity.cpp">
      <Filter>Source Files\ECS\Entity</Filter>
    </ClCompile>
    <ClCompile Include="Source\xsComponentSystemBase.cpp">
      <Filter>Source Files\ECS\System</Filter>
    </ClCompile>
    <ClCompile Include="Source\xsComponentSystem.cpp">
      <Filter>Source Files\ECS\System</Filter>
    </ClCompile>
    <ClCompile Include="Include\xsEntityArchetype.cpp">
      <Filter>Source Files\ECS\Entity</Filter>
    </ClCompile>
    <ClCompile Include="Source\xsEntityManager.cpp">
      <Filter>Source Files\ECS\Entity</Filter>
    </ClCompile>
  </ItemGroup>
</Project>